Microsoft Visual Studio Solution File, Format Version 12.00
# Visual Studio Version 17
VisualStudioVersion = 17.5.2.0
MinimumVisualStudioVersion = 10.0.40219.1
Project("{FAE04EC0-301F-11D3-BF4B-00C04F79EFBC}") = "fancy-items", "fancy-items\fancy-items.csproj", "{1F38384F-6C30-29F4-0521-8D3F8892EAAC}"
EndProject
Global
	GlobalSection(SolutionConfigurationPlatforms) = preSolution
		Debug|Any CPU = Debug|Any CPU
		Release|Any CPU = Release|Any CPU
	EndGlobalSection
	GlobalSection(ProjectConfigurationPlatforms) = postSolution
		{1F38384F-6C30-29F4-0521-8D3F8892EAAC}.Debug|Any CPU.ActiveCfg = Debug|Any CPU
		{1F38384F-6C30-29F4-0521-8D3F8892EAAC}.Debug|Any CPU.Build.0 = Debug|Any CPU
		{1F38384F-6C30-29F4-0521-8D3F8892EAAC}.Release|Any CPU.ActiveCfg = Release|Any CPU
		{1F38384F-6C30-29F4-0521-8D3F8892EAAC}.Release|Any CPU.Build.0 = Release|Any CPU
	EndGlobalSection
	GlobalSection(SolutionProperties) = preSolution
		HideSolutionNode = FALSE
	EndGlobalSection
	GlobalSection(ExtensibilityGlobals) = postSolution
		SolutionGuid = {89911832-A5E7-4AD3-AA6C-336D308D0C50}
	EndGlobalSection
EndGlobal
